// !$*UTF8*$!
{
	archiveVersion = 1;
	classes = {
	};
	objectVersion = 50;
	objects = {

/* Begin PBXBuildFile section */
		1808818823F0405D005D30B1 /* bird.atlas in Resources */ = {isa = PBXBuildFile; fileRef = 1808818723F0405D005D30B1 /* bird.atlas */; };
		1808818C23F040DB005D30B1 /* MainMenuScene.sks in Resources */ = {isa = PBXBuildFile; fileRef = 1808818A23F040DB005D30B1 /* MainMenuScene.sks */; };
		1808818D23F040DB005D30B1 /* GameScene.sks in Resources */ = {isa = PBXBuildFile; fileRef = 1808818B23F040DB005D30B1 /* GameScene.sks */; };
		1808818F23F0413F005D30B1 /* Bird.swift in Sources */ = {isa = PBXBuildFile; fileRef = 1808818E23F0413F005D30B1 /* Bird.swift */; };
		1808819123F0417D005D30B1 /* GameScene.swift in Sources */ = {isa = PBXBuildFile; fileRef = 1808819023F0417D005D30B1 /* GameScene.swift */; };
		1808819323F041CB005D30B1 /* MainMenuScene.swift in Sources */ = {isa = PBXBuildFile; fileRef = 1808819223F041CB005D30B1 /* MainMenuScene.swift */; };
		1808819523F04276005D30B1 /* Helper.swift in Sources */ = {isa = PBXBuildFile; fileRef = 1808819423F04276005D30B1 /* Helper.swift */; };
		18CBB76423EDADBE00B1D1F5 /* AppDelegate.swift in Sources */ = {isa = PBXBuildFile; fileRef = 18CBB76323EDADBE00B1D1F5 /* AppDelegate.swift */; };
		18CBB76623EDADBE00B1D1F5 /* SceneDelegate.swift in Sources */ = {isa = PBXBuildFile; fileRef = 18CBB76523EDADBE00B1D1F5 /* SceneDelegate.swift */; };
		18CBB76823EDADBE00B1D1F5 /* ViewController.swift in Sources */ = {isa = PBXBuildFile; fileRef = 18CBB76723EDADBE00B1D1F5 /* ViewController.swift */; };
		18CBB76B23EDADBE00B1D1F5 /* Main.storyboard in Resources */ = {isa = PBXBuildFile; fileRef = 18CBB76923EDADBE00B1D1F5 /* Main.storyboard */; };
		18CBB76D23EDADBF00B1D1F5 /* Assets.xcassets in Resources */ = {isa = PBXBuildFile; fileRef = 18CBB76C23EDADBF00B1D1F5 /* Assets.xcassets */; };
		18CBB77023EDADBF00B1D1F5 /* LaunchScreen.storyboard in Resources */ = {isa = PBXBuildFile; fileRef = 18CBB76E23EDADBF00B1D1F5 /* LaunchScreen.storyboard */; };
		18CBB77823EDADF500B1D1F5 /* Scene.sks in Resources */ = {isa = PBXBuildFile; fileRef = 18CBB77723EDADF500B1D1F5 /* Scene.sks */; };
		18CBB77A23EDAE1500B1D1F5 /* Scene.swift in Sources */ = {isa = PBXBuildFile; fileRef = 18CBB77923EDAE1500B1D1F5 /* Scene.swift */; };
/* End PBXBuildFile section */

/* Begin PBXFileReference section */
		1808818723F0405D005D30B1 /* bird.atlas */ = {isa = PBXFileReference; lastKnownFileType = folder.skatlas; path = bird.atlas; sourceTree = "<group>"; };
		1808818A23F040DB005D30B1 /* MainMenuScene.sks */ = {isa = PBXFileReference; lastKnownFileType = file.sks; path = MainMenuScene.sks; sourceTree = "<group>"; };
		1808818B23F040DB005D30B1 /* GameScene.sks */ = {isa = PBXFileReference; lastKnownFileType = file.sks; path = GameScene.sks; sourceTree = "<group>"; };
		1808818E23F0413F005D30B1 /* Bird.swift */ = {isa = PBXFileReference; lastKnownFileType = sourcecode.swift; path = Bird.swift; sourceTree = "<group>"; };
		1808819023F0417D005D30B1 /* GameScene.swift */ = {isa = PBXFileReference; lastKnownFileType = sourcecode.swift; path = GameScene.swift; sourceTree = "<group>"; };
		1808819223F041CB005D30B1 /* MainMenuScene.swift */ = {isa = PBXFileReference; lastKnownFileType = sourcecode.swift; path = MainMenuScene.swift; sourceTree = "<group>"; };
		1808819423F04276005D30B1 /* Helper.swift */ = {isa = PBXFileReference; lastKnownFileType = sourcecode.swift; path = Helper.swift; sourceTree = "<group>"; };
		18CBB76023EDADBE00B1D1F5 /* ARKitBirdGame.app */ = {isa = PBXFileReference; explicitFileType = wrapper.application; includeInIndex = 0; path = ARKitBirdGame.app; sourceTree = BUILT_PRODUCTS_DIR; };
		18CBB76323EDADBE00B1D1F5 /* AppDelegate.swift */ = {isa = PBXFileReference; lastKnownFileType = sourcecode.swift; path = AppDelegate.swift; sourceTree = "<group>"; };
		18CBB76523EDADBE00B1D1F5 /* SceneDelegate.swift */ = {isa = PBXFileReference; lastKnownFileType = sourcecode.swift; path = SceneDelegate.swift; sourceTree = "<group>"; };
		18CBB76723EDADBE00B1D1F5 /* ViewController.swift */ = {isa = PBXFileReference; lastKnownFileType = sourcecode.swift; path = ViewController.swift; sourceTree = "<group>"; };
		18CBB76A23EDADBE00B1D1F5 /* Base */ = {isa = PBXFileReference; lastKnownFileType = file.storyboard; name = Base; path = Base.lproj/Main.storyboard; sourceTree = "<group>"; };
		18CBB76C23EDADBF00B1D1F5 /* Assets.xcassets */ = {isa = PBXFileReference; lastKnownFileType = folder.assetcatalog; path = Assets.xcassets; sourceTree = "<group>"; };
		18CBB76F23EDADBF00B1D1F5 /* Base */ = {isa = PBXFileReference; lastKnownFileType = file.storyboard; name = Base; path = Base.lproj/LaunchScreen.storyboard; sourceTree = "<group>"; };
		18CBB77123EDADBF00B1D1F5 /* Info.plist */ = {isa = PBXFileReference; lastKnownFileType = text.plist.xml; path = Info.plist; sourceTree = "<group>"; };
		18CBB77723EDADF500B1D1F5 /* Scene.sks */ = {isa = PBXFileReference; lastKnownFileType = file.sks; path = Scene.sks; sourceTree = "<group>"; };
		18CBB77923EDAE1500B1D1F5 /* Scene.swift */ = {isa = PBXFileReference; lastKnownFileType = sourcecode.swift; path = Scene.swift; sourceTree = "<group>"; };
/* End PBXFileReference section */

/* Begin PBXFrameworksBuildPhase section */
		18CBB75D23EDADBE00B1D1F5 /* Frameworks */ = {
			isa = PBXFrameworksBuildPhase;
			buildActionMask = 2147483647;
			files = (
			);
			runOnlyForDeploymentPostprocessing = 0;
		};
/* End PBXFrameworksBuildPhase section */

/* Begin PBXGroup section */
		1808818923F040DB005D30B1 /* Scene Files */ = {
			isa = PBXGroup;
			children = (
				1808818A23F040DB005D30B1 /* MainMenuScene.sks */,
				1808818B23F040DB005D30B1 /* GameScene.sks */,
			);
			path = "Scene Files";
			sourceTree = "<group>";
		};
		18CBB75723EDADBE00B1D1F5 = {
			isa = PBXGroup;
			children = (
				18CBB76223EDADBE00B1D1F5 /* ARKitBirdGame */,
				18CBB76123EDADBE00B1D1F5 /* Products */,
			);
			sourceTree = "<group>";
		};
		18CBB76123EDADBE00B1D1F5 /* Products */ = {
			isa = PBXGroup;
			children = (
				18CBB76023EDADBE00B1D1F5 /* ARKitBirdGame.app */,
			);
			name = Products;
			sourceTree = "<group>";
		};
		18CBB76223EDADBE00B1D1F5 /* ARKitBirdGame */ = {
			isa = PBXGroup;
			children = (
				18CBB76323EDADBE00B1D1F5 /* AppDelegate.swift */,
				1808819423F04276005D30B1 /* Helper.swift */,
				18CBB76523EDADBE00B1D1F5 /* SceneDelegate.swift */,
				18CBB76723EDADBE00B1D1F5 /* ViewController.swift */,
				1808818E23F0413F005D30B1 /* Bird.swift */,
				1808819023F0417D005D30B1 /* GameScene.swift */,
				1808819223F041CB005D30B1 /* MainMenuScene.swift */,
				18CBB77923EDAE1500B1D1F5 /* Scene.swift */,
				18CBB77723EDADF500B1D1F5 /* Scene.sks */,
				18CBB76923EDADBE00B1D1F5 /* Main.storyboard */,
				1808818923F040DB005D30B1 /* Scene Files */,
				18CBB76C23EDADBF00B1D1F5 /* Assets.xcassets */,
				1808818723F0405D005D30B1 /* bird.atlas */,
				18CBB76E23EDADBF00B1D1F5 /* LaunchScreen.storyboard */,
				18CBB77123EDADBF00B1D1F5 /* Info.plist */,
			);
			path = ARKitBirdGame;
			sourceTree = "<group>";
		};
/* End PBXGroup section */

/* Begin PBXNativeTarget section */
		18CBB75F23EDADBE00B1D1F5 /* ARKitBirdGame */ = {
			isa = PBXNativeTarget;
			buildConfigurationList = 18CBB77423EDADBF00B1D1F5 /* Build configuration list for PBXNativeTarget "ARKitBirdGame" */;
			buildPhases = (
				18CBB75C23EDADBE00B1D1F5 /* Sources */,
				18CBB75D23EDADBE00B1D1F5 /* Frameworks */,
				18CBB75E23EDADBE00B1D1F5 /* Resources */,
			);
			buildRules = (
			);
			dependencies = (
			);
			name = ARKitBirdGame;
			productName = ARKitBirdGame;
			productReference = 18CBB76023EDADBE00B1D1F5 /* ARKitBirdGame.app */;
			productType = "com.apple.product-type.application";
		};
/* End PBXNativeTarget section */

/* Begin PBXProject section */
		18CBB75823EDADBE00B1D1F5 /* Project object */ = {
			isa = PBXProject;
			attributes = {
				LastSwiftUpdateCheck = 1130;
				LastUpgradeCheck = 1130;
				ORGANIZATIONNAME = "Rachel Saunders";
				TargetAttributes = {
					18CBB75F23EDADBE00B1D1F5 = {
						CreatedOnToolsVersion = 11.3.1;
					};
				};
			};
			buildConfigurationList = 18CBB75B23EDADBE00B1D1F5 /* Build configuration list for PBXProject "ARKitBirdGame" */;
			compatibilityVersion = "Xcode 9.3";
			developmentRegion = en;
			hasScannedForEncodings = 0;
			knownRegions = (
				en,
				Base,
			);
			mainGroup = 18CBB75723EDADBE00B1D1F5;
			productRefGroup = 18CBB76123EDADBE00B1D1F5 /* Products */;
			projectDirPath = "";
			projectRoot = "";
			targets = (
				18CBB75F23EDADBE00B1D1F5 /* ARKitBirdGame */,
			);
		};
/* End PBXProject section */

/* Begin PBXResourcesBuildPhase section */
		18CBB75E23EDADBE00B1D1F5 /* Resources */ = {
			isa = PBXResourcesBuildPhase;
			buildActionMask = 2147483647;
			files = (
				18CBB77023EDADBF00B1D1F5 /* LaunchScreen.storyboard in Resources */,
				18CBB76D23EDADBF00B1D1F5 /* Assets.xcassets in Resources */,
				18CBB77823EDADF500B1D1F5 /* Scene.sks in Resources */,
				1808818823F0405D005D30B1 /* bird.atlas in Resources */,
				1808818D23F040DB005D30B1 /* GameScene.sks in Resources */,
				1808818C23F040DB005D30B1 /* MainMenuScene.sks in Resources */,
				18CBB76B23EDADBE00B1D1F5 /* Main.storyboard in Resources */,
			);
			runOnlyForDeploymentPostprocessing = 0;
		};
/* End PBXResourcesBuildPhase section */

/* Begin PBXSourcesBuildPhase section */
		18CBB75C23EDADBE00B1D1F5 /* Sources */ = {
			isa = PBXSourcesBuildPhase;
			buildActionMask = 2147483647;
			files = (
				1808819123F0417D005D30B1 /* GameScene.swift in Sources */,
				18CBB77A23EDAE1500B1D1F5 /* Scene.swift in Sources */,
				1808818F23F0413F005D30B1 /* Bird.swift in Sources */,
				18CBB76823EDADBE00B1D1F5 /* ViewController.swift in Sources */,
				18CBB76423EDADBE00B1D1F5 /* AppDelegate.swift in Sources */,
				1808819323F041CB005D30B1 /* MainMenuScene.swift in Sources */,
				18CBB76623EDADBE00B1D1F5 /* SceneDelegate.swift in Sources */,
				1808819523F04276005D30B1 /* Helper.swift in Sources */,
			);
			runOnlyForDeploymentPostprocessing = 0;
		};
/* End PBXSourcesBuildPhase section */

/* Begin PBXVariantGroup section */
		18CBB76923EDADBE00B1D1F5 /* Main.storyboard */ = {
			isa = PBXVariantGroup;
			children = (
				18CBB76A23EDADBE00B1D1F5 /* Base */,
			);
			name = Main.storyboard;
			sourceTree = "<group>";
		};
		18CBB76E23EDADBF00B1D1F5 /* LaunchScreen.storyboard */ = {
			isa = PBXVariantGroup;
			children = (
				18CBB76F23EDADBF00B1D1F5 /* Base */,
			);
			name = LaunchScreen.storyboard;
			sourceTree = "<group>";
		};
/* End PBXVariantGroup section */

/* Begin XCBuildConfiguration section */
		18CBB77223EDADBF00B1D1F5 /* Debug */ = {
			isa = XCBuildConfiguration;
			buildSettings = {
				ALWAYS_SEARCH_USER_PATHS = NO;
				CLANG_ANALYZER_NONNULL = YES;
				CLANG_ANALYZER_NUMBER_OBJECT_CONVERSION = YES_AGGRESSIVE;
				CLANG_CXX_LANGUAGE_STANDARD = "gnu++14";
				CLANG_CXX_LIBRARY = "libc++";
				CLANG_ENABLE_MODULES = YES;
				CLANG_ENABLE_OBJC_ARC = YES;
				CLANG_ENABLE_OBJC_WEAK = YES;
				CLANG_WARN_BLOCK_CAPTURE_AUTORELEASING = YES;
				CLANG_WARN_BOOL_CONVERSION = YES;
				CLANG_WARN_COMMA = YES;
				CLANG_WARN_CONSTANT_CONVERSION = YES;
				CLANG_WARN_DEPRECATED_OBJC_IMPLEMENTATIONS = YES;
				CLANG_WARN_DIRECT_OBJC_ISA_USAGE = YES_ERROR;
				CLANG_WARN_DOCUMENTATION_COMMENTS = YES;
				CLANG_WARN_EMPTY_BODY = YES;
				CLANG_WARN_ENUM_CONVERSION = YES;
				CLANG_WARN_INFINITE_RECURSION = YES;
				CLANG_WARN_INT_CONVERSION = YES;
				CLANG_WARN_NON_LITERAL_NULL_CONVERSION = YES;
				CLANG_WARN_OBJC_IMPLICIT_RETAIN_SELF = YES;
				CLANG_WARN_OBJC_LITERAL_CONVERSION = YES;
				CLANG_WARN_OBJC_ROOT_CLASS = YES_ERROR;
				CLANG_WARN_RANGE_LOOP_ANALYSIS = YES;
				CLANG_WARN_STRICT_PROTOTYPES = YES;
				CLANG_WARN_SUSPICIOUS_MOVE = YES;
				CLANG_WARN_UNGUARDED_AVAILABILITY = YES_AGGRESSIVE;
				CLANG_WARN_UNREACHABLE_CODE = YES;
				CLANG_WARN__DUPLICATE_METHOD_MATCH = YES;
				COPY_PHASE_STRIP = NO;
				DEBUG_INFORMATION_FORMAT = dwarf;
				ENABLE_STRICT_OBJC_MSGSEND = YES;
				ENABLE_TESTABILITY = YES;
				GCC_C_LANGUAGE_STANDARD = gnu11;
				GCC_DYNAMIC_NO_PIC = NO;
				GCC_NO_COMMON_BLOCKS = YES;
				GCC_OPTIMIZATION_LEVEL = 0;
				GCC_PREPROCESSOR_DEFINITIONS = (
					"DEBUG=1",
					"$(inherited)",
				);
				GCC_WARN_64_TO_32_BIT_CONVERSION = YES;
				GCC_WARN_ABOUT_RETURN_TYPE = YES_ERROR;
				GCC_WARN_UNDECLARED_SELECTOR = YES;
				GCC_WARN_UNINITIALIZED_AUTOS = YES_AGGRESSIVE;
				GCC_WARN_UNUSED_FUNCTION = YES;
				GCC_WARN_UNUSED_VARIABLE = YES;
				IPHONEOS_DEPLOYMENT_TARGET = 13.2;
				MTL_ENABLE_DEBUG_INFO = INCLUDE_SOURCE;
				MTL_FAST_MATH = YES;
				ONLY_ACTIVE_ARCH = YES;
				SDKROOT = iphoneos;
				SWIFT_ACTIVE_COMPILATION_CONDITIONS = DEBUG;
				SWIFT_OPTIMIZATION_LEVEL = "-Onone";
			};
			name = Debug;
		};
		18CBB77323EDADBF00B1D1F5 /* Release */ = {
			isa = XCBuildConfiguration;
			buildSettings = {
				ALWAYS_SEARCH_USER_PATHS = NO;
				CLANG_ANALYZER_NONNULL = YES;
				CLANG_ANALYZER_NUMBER_OBJECT_CONVERSION = YES_AGGRESSIVE;
				CLANG_CXX_LANGUAGE_STANDARD = "gnu++14";
				CLANG_CXX_LIBRARY = "libc++";
				CLANG_ENABLE_MODULES = YES;
				CLANG_ENABLE_OBJC_ARC = YES;
				CLANG_ENABLE_OBJC_WEAK = YES;
				CLANG_WARN_BLOCK_CAPTURE_AUTORELEASING = YES;
				CLANG_WARN_BOOL_CONVERSION = YES;
				CLANG_WARN_COMMA = YES;
				CLANG_WARN_CONSTANT_CONVERSION = YES;
				CLANG_WARN_DEPRECATED_OBJC_IMPLEMENTATIONS = YES;
				CLANG_WARN_DIRECT_OBJC_ISA_USAGE = YES_ERROR;
				CLANG_WARN_DOCUMENTATION_COMMENTS = YES;
				CLANG_WARN_EMPTY_BODY = YES;
				CLANG_WARN_ENUM_CONVERSION = YES;
				CLANG_WARN_INFINITE_RECURSION = YES;
				CLANG_WARN_INT_CONVERSION = YES;
				CLANG_WARN_NON_LITERAL_NULL_CONVERSION = YES;
				CLANG_WARN_OBJC_IMPLICIT_RETAIN_SELF = YES;
				CLANG_WARN_OBJC_LITERAL_CONVERSION = YES;
				CLANG_WARN_OBJC_ROOT_CLASS = YES_ERROR;
				CLANG_WARN_RANGE_LOOP_ANALYSIS = YES;
				CLANG_WARN_STRICT_PROTOTYPES = YES;
				CLANG_WARN_SUSPICIOUS_MOVE = YES;
				CLANG_WARN_UNGUARDED_AVAILABILITY = YES_AGGRESSIVE;
				CLANG_WARN_UNREACHABLE_CODE = YES;
				CLANG_WARN__DUPLICATE_METHOD_MATCH = YES;
				COPY_PHASE_STRIP = NO;
				DEBUG_INFORMATION_FORMAT = "dwarf-with-dsym";
				ENABLE_NS_ASSERTIONS = NO;
				ENABLE_STRICT_OBJC_MSGSEND = YES;
				GCC_C_LANGUAGE_STANDARD = gnu11;
				GCC_NO_COMMON_BLOCKS = YES;
				GCC_WARN_64_TO_32_BIT_CONVERSION = YES;
				GCC_WARN_ABOUT_RETURN_TYPE = YES_ERROR;
				GCC_WARN_UNDECLARED_SELECTOR = YES;
				GCC_WARN_UNINITIALIZED_AUTOS = YES_AGGRESSIVE;
				GCC_WARN_UNUSED_FUNCTION = YES;
				GCC_WARN_UNUSED_VARIABLE = YES;
				IPHONEOS_DEPLOYMENT_TARGET = 13.2;
				MTL_ENABLE_DEBUG_INFO = NO;
				MTL_FAST_MATH = YES;
				SDKROOT = iphoneos;
				SWIFT_COMPILATION_MODE = wholemodule;
				SWIFT_OPTIMIZATION_LEVEL = "-O";
				VALIDATE_PRODUCT = YES;
			};
			name = Release;
		};
		18CBB77523EDADBF00B1D1F5 /* Debug */ = {
			isa = XCBuildConfiguration;
			buildSettings = {
				ASSETCATALOG_COMPILER_APPICON_NAME = AppIcon;
				CODE_SIGN_STYLE = Automatic;
				DEVELOPMENT_TEAM = CFMS5Y826S;
				INFOPLIST_FILE = ARKitBirdGame/Info.plist;
				LD_RUNPATH_SEARCH_PATHS = (
					"$(inherited)",
					"@executable_path/Frameworks",
				);
				PRODUCT_BUNDLE_IDENTIFIER = com.rachelsaunders.ARKitBirdGame;
				PRODUCT_NAME = "$(TARGET_NAME)";
				SWIFT_VERSION = 5.0;
				TARGETED_DEVICE_FAMILY = "1,2";
			};
			name = Debug;
		};
		18CBB77623EDADBF00B1D1F5 /* Release */ = {
			isa = XCBuildConfiguration;
			buildSettings = {
				ASSETCATALOG_COMPILER_APPICON_NAME = AppIcon;
				CODE_SIGN_STYLE = Automatic;
				DEVELOPMENT_TEAM = CFMS5Y826S;
				INFOPLIST_FILE = ARKitBirdGame/Info.plist;
				LD_RUNPATH_SEARCH_PATHS = (
					"$(inherited)",
					"@executable_path/Frameworks",
				);
				PRODUCT_BUNDLE_IDENTIFIER = com.rachelsaunders.ARKitBirdGame;
				PRODUCT_NAME = "$(TARGET_NAME)";
				SWIFT_VERSION = 5.0;
				TARGETED_DEVICE_FAMILY = "1,2";
			};
			name = Release;
		};
/* End XCBuildConfiguration section */

/* Begin XCConfigurationList section */
		18CBB75B23EDADBE00B1D1F5 /* Build configuration list for PBXProject "ARKitBirdGame" */ = {
			isa = XCConfigurationList;
			buildConfigurations = (
				18CBB77223EDADBF00B1D1F5 /* Debug */,
				18CBB77323EDADBF00B1D1F5 /* Release */,
			);
			defaultConfigurationIsVisible = 0;
			defaultConfigurationName = Release;
		};
		18CBB77423EDADBF00B1D1F5 /* Build configuration list for PBXNativeTarget "ARKitBirdGame" */ = {
			isa = XCConfigurationList;
			buildConfigurations = (
				18CBB77523EDADBF00B1D1F5 /* Debug */,
				18CBB77623EDADBF00B1D1F5 /* Release */,
			);
			defaultConfigurationIsVisible = 0;
			defaultConfigurationName = Release;
		};
/* End XCConfigurationList section */
	};
	rootObject = 18CBB75823EDADBE00B1D1F5 /* Project object */;
}
